<Solution>
  <Project Path="Application/ApplicationServices.csproj" />
  <Project Path="Controller/Controller.csproj" />
  <Project Path="Domain/Domain.csproj" />
  <Project Path="Infrastructure/Infrastructure.csproj" />
  <Project Path="Test/Test.csproj" Id="8a380441-d6da-481f-be4e-1a702f0609c2" />
  <Project Path="TickitngSystem/TickitngSystem.csproj">
    <BuildDependency Project="Application/ApplicationServices.csproj" />
    <BuildDependency Project="Domain/Domain.csproj" />
  </Project>
</Solution>
