<Solution>
  <Project Path="Application/ApplicationServices.csproj" />
  <Project Path="Controller/Controller.csproj" />
  <Project Path="Domain/Domain.csproj" />
  <Project Path="Infrastructure/Infrastructure.csproj" />
  <Project Path="Testing/Testing.csproj" Id="1f5c7fea-34c4-4f60-aa28-9ee655b2ca63" />
  <Project Path="TickitngSystem/TickitngSystem.csproj" />
</Solution>
