<Solution>
  <Project Path="Application/ApplicationServices.csproj" />
  <Project Path="Controller/Controller.csproj" />
  <Project Path="Domain/Domain.csproj" />
  <Project Path="Infrastrucure/Infrastrucure.csproj" />
  <Project Path="Testing/Testing.csproj" />
  <Project Path="TickitngSystem/TickitngSystem.csproj" />
</Solution>
